# This file is automatically @generated by Cargo.
# It is not intended for manual editing.
[[package]]
name = "cc"
version = "1.0.59"
source = "registry+https://github.com/rust-lang/crates.io-index"
checksum = "66120af515773fb005778dc07c261bd201ec8ce50bd6e7144c927753fe013381"

[[package]]
name = "min-gba"
version = "0.1.0"
dependencies = [
 "cc",
]
